
Microsoft Visual Studio Solution File, Format Version 12.00
# Visual Studio Version 16
VisualStudioVersion = 16.0.33927.289
MinimumVisualStudioVersion = 10.0.40219.1
Project("{2150E333-8FDC-42A3-9474-1A3956D46DE8}") = "Task0", "Task0", "{B2C32916-5EA3-4AA1-9533-1F61A37179C9}"
EndProject
Project("{FAE04EC0-301F-11D3-BF4B-00C04F79EFBC}") = "Tyuiu.VarovaAA.Sprint2.Task0.V20", "Tyuiu.VarovaAA.Sprint2.Task0.V20\Tyuiu.VarovaAA.Sprint2.Task0.V20.csproj", "{9744691A-614C-40F8-ACBB-2F6EB690DCA5}"
EndProject
Project("{FAE04EC0-301F-11D3-BF4B-00C04F79EFBC}") = "Tyuiu.VarovaAA.Sprint2.Task0.V20.Lib", "Tyuiu.VarovaAA.Sprint2.Task0.V20.Lib\Tyuiu.VarovaAA.Sprint2.Task0.V20.Lib.csproj", "{E331AEDE-F573-4266-929E-2D24C47133B1}"
EndProject
Project("{FAE04EC0-301F-11D3-BF4B-00C04F79EFBC}") = "Tyuiu.VarovaAA.Sprint2.Task0.V20.Test", "Tyuiu.VarovaAA.Sprint2.Task0.V20.Test\Tyuiu.VarovaAA.Sprint2.Task0.V20.Test.csproj", "{ED2103AA-3333-444C-82A9-34A4EADC427C}"
EndProject
Project("{2150E333-8FDC-42A3-9474-1A3956D46DE8}") = "Task1", "Task1", "{A96E17D6-649D-4BD1-81CA-84349632CD83}"
EndProject
Project("{FAE04EC0-301F-11D3-BF4B-00C04F79EFBC}") = "Tyuiu.VarovaAA.Sprint2.Task1.V15", "Tyuiu.VarovaAA.Sprint2.Task1.V15\Tyuiu.VarovaAA.Sprint2.Task1.V15.csproj", "{095A2512-4723-442B-B836-DD63A1E8A0BE}"
EndProject
Project("{FAE04EC0-301F-11D3-BF4B-00C04F79EFBC}") = "Tyuiu.VarovaAA.Sprint2.Task1.V15.Lib", "Tyuiu.VarovaAA.Sprint2.Task1.V15.Lib\Tyuiu.VarovaAA.Sprint2.Task1.V15.Lib.csproj", "{7B20F9AD-2BD5-4B30-BC62-04540921EC5D}"
EndProject
Project("{FAE04EC0-301F-11D3-BF4B-00C04F79EFBC}") = "Tyuiu.VarovaAA.Sprint2.Task1.V15.Test", "Tyuiu.VarovaAA.Sprint2.Task1.V15.Test\Tyuiu.VarovaAA.Sprint2.Task1.V15.Test.csproj", "{42867C28-E130-44F1-A323-91AC9AEB8411}"
EndProject
Global
	GlobalSection(SolutionConfigurationPlatforms) = preSolution
		Debug|Any CPU = Debug|Any CPU
		Release|Any CPU = Release|Any CPU
	EndGlobalSection
	GlobalSection(ProjectConfigurationPlatforms) = postSolution
		{9744691A-614C-40F8-ACBB-2F6EB690DCA5}.Debug|Any CPU.ActiveCfg = Debug|Any CPU
		{9744691A-614C-40F8-ACBB-2F6EB690DCA5}.Debug|Any CPU.Build.0 = Debug|Any CPU
		{9744691A-614C-40F8-ACBB-2F6EB690DCA5}.Release|Any CPU.ActiveCfg = Release|Any CPU
		{9744691A-614C-40F8-ACBB-2F6EB690DCA5}.Release|Any CPU.Build.0 = Release|Any CPU
		{E331AEDE-F573-4266-929E-2D24C47133B1}.Debug|Any CPU.ActiveCfg = Debug|Any CPU
		{E331AEDE-F573-4266-929E-2D24C47133B1}.Debug|Any CPU.Build.0 = Debug|Any CPU
		{E331AEDE-F573-4266-929E-2D24C47133B1}.Release|Any CPU.ActiveCfg = Release|Any CPU
		{E331AEDE-F573-4266-929E-2D24C47133B1}.Release|Any CPU.Build.0 = Release|Any CPU
		{ED2103AA-3333-444C-82A9-34A4EADC427C}.Debug|Any CPU.ActiveCfg = Debug|Any CPU
		{ED2103AA-3333-444C-82A9-34A4EADC427C}.Debug|Any CPU.Build.0 = Debug|Any CPU
		{ED2103AA-3333-444C-82A9-34A4EADC427C}.Release|Any CPU.ActiveCfg = Release|Any CPU
		{ED2103AA-3333-444C-82A9-34A4EADC427C}.Release|Any CPU.Build.0 = Release|Any CPU
		{095A2512-4723-442B-B836-DD63A1E8A0BE}.Debug|Any CPU.ActiveCfg = Debug|Any CPU
		{095A2512-4723-442B-B836-DD63A1E8A0BE}.Debug|Any CPU.Build.0 = Debug|Any CPU
		{095A2512-4723-442B-B836-DD63A1E8A0BE}.Release|Any CPU.ActiveCfg = Release|Any CPU
		{095A2512-4723-442B-B836-DD63A1E8A0BE}.Release|Any CPU.Build.0 = Release|Any CPU
		{7B20F9AD-2BD5-4B30-BC62-04540921EC5D}.Debug|Any CPU.ActiveCfg = Debug|Any CPU
		{7B20F9AD-2BD5-4B30-BC62-04540921EC5D}.Debug|Any CPU.Build.0 = Debug|Any CPU
		{7B20F9AD-2BD5-4B30-BC62-04540921EC5D}.Release|Any CPU.ActiveCfg = Release|Any CPU
		{7B20F9AD-2BD5-4B30-BC62-04540921EC5D}.Release|Any CPU.Build.0 = Release|Any CPU
		{42867C28-E130-44F1-A323-91AC9AEB8411}.Debug|Any CPU.ActiveCfg = Debug|Any CPU
		{42867C28-E130-44F1-A323-91AC9AEB8411}.Debug|Any CPU.Build.0 = Debug|Any CPU
		{42867C28-E130-44F1-A323-91AC9AEB8411}.Release|Any CPU.ActiveCfg = Release|Any CPU
		{42867C28-E130-44F1-A323-91AC9AEB8411}.Release|Any CPU.Build.0 = Release|Any CPU
	EndGlobalSection
	GlobalSection(SolutionProperties) = preSolution
		HideSolutionNode = FALSE
	EndGlobalSection
	GlobalSection(NestedProjects) = preSolution
		{9744691A-614C-40F8-ACBB-2F6EB690DCA5} = {B2C32916-5EA3-4AA1-9533-1F61A37179C9}
		{E331AEDE-F573-4266-929E-2D24C47133B1} = {B2C32916-5EA3-4AA1-9533-1F61A37179C9}
		{ED2103AA-3333-444C-82A9-34A4EADC427C} = {B2C32916-5EA3-4AA1-9533-1F61A37179C9}
		{095A2512-4723-442B-B836-DD63A1E8A0BE} = {A96E17D6-649D-4BD1-81CA-84349632CD83}
		{7B20F9AD-2BD5-4B30-BC62-04540921EC5D} = {A96E17D6-649D-4BD1-81CA-84349632CD83}
		{42867C28-E130-44F1-A323-91AC9AEB8411} = {A96E17D6-649D-4BD1-81CA-84349632CD83}
	EndGlobalSection
	GlobalSection(ExtensibilityGlobals) = postSolution
		SolutionGuid = {4EF7A6B9-1B4A-4FC6-86E8-3771214EB9E5}
	EndGlobalSection
EndGlobal
